
Microsoft Visual Studio Solution File, Format Version 12.00
# Visual Studio Version 17
VisualStudioVersion = 17.11.35327.3
MinimumVisualStudioVersion = 10.0.40219.1
Project("{FAE04EC0-301F-11D3-BF4B-00C04F79EFBC}") = "notes-by-nodes", "notes-by-nodes\notes-by-nodes.csproj", "{4DE30995-91C9-4C4B-B55D-4DBB8ED1096C}"
EndProject
Project("{9A19103F-16F7-4668-BE54-9A1E7A4F7556}") = "OwlToT4templatesTool", "OwlToT4templatesTool\OwlToT4templatesTool.csproj", "{ECA2764E-D17A-4F6C-8B01-822FC26AD641}"
EndProject
Global
	GlobalSection(SolutionConfigurationPlatforms) = preSolution
		Debug|Any CPU = Debug|Any CPU
		Release|Any CPU = Release|Any CPU
	EndGlobalSection
	GlobalSection(ProjectConfigurationPlatforms) = postSolution
		{4DE30995-91C9-4C4B-B55D-4DBB8ED1096C}.Debug|Any CPU.ActiveCfg = Debug|Any CPU
		{4DE30995-91C9-4C4B-B55D-4DBB8ED1096C}.Debug|Any CPU.Build.0 = Debug|Any CPU
		{4DE30995-91C9-4C4B-B55D-4DBB8ED1096C}.Release|Any CPU.ActiveCfg = Release|Any CPU
		{4DE30995-91C9-4C4B-B55D-4DBB8ED1096C}.Release|Any CPU.Build.0 = Release|Any CPU
		{ECA2764E-D17A-4F6C-8B01-822FC26AD641}.Debug|Any CPU.ActiveCfg = Debug|Any CPU
		{ECA2764E-D17A-4F6C-8B01-822FC26AD641}.Debug|Any CPU.Build.0 = Debug|Any CPU
		{ECA2764E-D17A-4F6C-8B01-822FC26AD641}.Release|Any CPU.ActiveCfg = Release|Any CPU
		{ECA2764E-D17A-4F6C-8B01-822FC26AD641}.Release|Any CPU.Build.0 = Release|Any CPU
	EndGlobalSection
	GlobalSection(SolutionProperties) = preSolution
		HideSolutionNode = FALSE
	EndGlobalSection
	GlobalSection(ExtensibilityGlobals) = postSolution
		SolutionGuid = {0BAF0ACC-8F8D-4A93-BD00-0ED1F900F830}
	EndGlobalSection
EndGlobal
