Microsoft Visual Studio Solution File, Format Version 12.00
# Visual Studio Version 17
VisualStudioVersion = 17.5.2.0
MinimumVisualStudioVersion = 10.0.40219.1
Project("{FAE04EC0-301F-11D3-BF4B-00C04F79EFBC}") = "EasyObjectFileStorage", "EasyObjectFileStorage.csproj", "{C02F6B4D-0515-0B9D-8499-535CC81D6D02}"
EndProject
Global
	GlobalSection(SolutionConfigurationPlatforms) = preSolution
		Debug|Any CPU = Debug|Any CPU
		Release|Any CPU = Release|Any CPU
	EndGlobalSection
	GlobalSection(ProjectConfigurationPlatforms) = postSolution
		{C02F6B4D-0515-0B9D-8499-535CC81D6D02}.Debug|Any CPU.ActiveCfg = Debug|Any CPU
		{C02F6B4D-0515-0B9D-8499-535CC81D6D02}.Debug|Any CPU.Build.0 = Debug|Any CPU
		{C02F6B4D-0515-0B9D-8499-535CC81D6D02}.Release|Any CPU.ActiveCfg = Release|Any CPU
		{C02F6B4D-0515-0B9D-8499-535CC81D6D02}.Release|Any CPU.Build.0 = Release|Any CPU
	EndGlobalSection
	GlobalSection(SolutionProperties) = preSolution
		HideSolutionNode = FALSE
	EndGlobalSection
	GlobalSection(ExtensibilityGlobals) = postSolution
		SolutionGuid = {0E990B86-CBDE-403F-BBA7-E529D68B94A0}
	EndGlobalSection
EndGlobal
